
Microsoft Visual Studio Solution File, Format Version 12.00
# Visual Studio Version 17
VisualStudioVersion = 17.11.35312.102
MinimumVisualStudioVersion = 10.0.40219.1
Project("{9A19103F-16F7-4668-BE54-9A1E7A4F7556}") = "W.Controls", "W.Controls\W.Controls.csproj", "{A56D58E4-ED2C-41F3-AADD-B15D980F9A1F}"
EndProject
Project("{FAE04EC0-301F-11D3-BF4B-00C04F79EFBC}") = "W.Theme", "W.Theme\W.Theme.csproj", "{01DE45BA-5B13-4495-BF4D-7794D9D9A714}"
EndProject
Global
	GlobalSection(SolutionConfigurationPlatforms) = preSolution
		Debug|Any CPU = Debug|Any CPU
		Release|Any CPU = Release|Any CPU
	EndGlobalSection
	GlobalSection(ProjectConfigurationPlatforms) = postSolution
		{A56D58E4-ED2C-41F3-AADD-B15D980F9A1F}.Debug|Any CPU.ActiveCfg = Debug|Any CPU
		{A56D58E4-ED2C-41F3-AADD-B15D980F9A1F}.Debug|Any CPU.Build.0 = Debug|Any CPU
		{A56D58E4-ED2C-41F3-AADD-B15D980F9A1F}.Release|Any CPU.ActiveCfg = Release|Any CPU
		{A56D58E4-ED2C-41F3-AADD-B15D980F9A1F}.Release|Any CPU.Build.0 = Release|Any CPU
		{01DE45BA-5B13-4495-BF4D-7794D9D9A714}.Debug|Any CPU.ActiveCfg = Debug|Any CPU
		{01DE45BA-5B13-4495-BF4D-7794D9D9A714}.Debug|Any CPU.Build.0 = Debug|Any CPU
		{01DE45BA-5B13-4495-BF4D-7794D9D9A714}.Release|Any CPU.ActiveCfg = Release|Any CPU
		{01DE45BA-5B13-4495-BF4D-7794D9D9A714}.Release|Any CPU.Build.0 = Release|Any CPU
	EndGlobalSection
	GlobalSection(SolutionProperties) = preSolution
		HideSolutionNode = FALSE
	EndGlobalSection
	GlobalSection(ExtensibilityGlobals) = postSolution
		SolutionGuid = {C6FF32B3-2DC8-4477-ADA3-721157CB11F5}
	EndGlobalSection
EndGlobal
